// !$*UTF8*$!
{
	archiveVersion = 1;
	classes = {
	};
	objectVersion = 50;
	objects = {

/* Begin PBXBuildFile section */
		B3982C6524F0766000D5FDD7 /* AppDelegate.swift in Sources */ = {isa = PBXBuildFile; fileRef = B3982C6424F0766000D5FDD7 /* AppDelegate.swift */; };
		B3982C6724F0766000D5FDD7 /* SceneDelegate.swift in Sources */ = {isa = PBXBuildFile; fileRef = B3982C6624F0766000D5FDD7 /* SceneDelegate.swift */; };
		B3982C6924F0766000D5FDD7 /* ContentView.swift in Sources */ = {isa = PBXBuildFile; fileRef = B3982C6824F0766000D5FDD7 /* ContentView.swift */; };
		B3982C6B24F0766400D5FDD7 /* Assets.xcassets in Resources */ = {isa = PBXBuildFile; fileRef = B3982C6A24F0766400D5FDD7 /* Assets.xcassets */; };
		B3982C6E24F0766400D5FDD7 /* Preview Assets.xcassets in Resources */ = {isa = PBXBuildFile; fileRef = B3982C6D24F0766400D5FDD7 /* Preview Assets.xcassets */; };
		B3982C7124F0766400D5FDD7 /* LaunchScreen.storyboard in Resources */ = {isa = PBXBuildFile; fileRef = B3982C6F24F0766400D5FDD7 /* LaunchScreen.storyboard */; };
/* End PBXBuildFile section */

/* Begin PBXFileReference section */
		B3982C6124F0766000D5FDD7 /* UnitConversion.app */ = {isa = PBXFileReference; explicitFileType = wrapper.application; includeInIndex = 0; path = UnitConversion.app; sourceTree = BUILT_PRODUCTS_DIR; };
		B3982C6424F0766000D5FDD7 /* AppDelegate.swift */ = {isa = PBXFileReference; lastKnownFileType = sourcecode.swift; path = AppDelegate.swift; sourceTree = "<group>"; };
		B3982C6624F0766000D5FDD7 /* SceneDelegate.swift */ = {isa = PBXFileReference; lastKnownFileType = sourcecode.swift; path = SceneDelegate.swift; sourceTree = "<group>"; };
		B3982C6824F0766000D5FDD7 /* ContentView.swift */ = {isa = PBXFileReference; lastKnownFileType = sourcecode.swift; path = ContentView.swift; sourceTree = "<group>"; };
		B3982C6A24F0766400D5FDD7 /* Assets.xcassets */ = {isa = PBXFileReference; lastKnownFileType = folder.assetcatalog; path = Assets.xcassets; sourceTree = "<group>"; };
		B3982C6D24F0766400D5FDD7 /* Preview Assets.xcassets */ = {isa = PBXFileReference; lastKnownFileType = folder.assetcatalog; path = "Preview Assets.xcassets"; sourceTree = "<group>"; };
		B3982C7024F0766400D5FDD7 /* Base */ = {isa = PBXFileReference; lastKnownFileType = file.storyboard; name = Base; path = Base.lproj/LaunchScreen.storyboard; sourceTree = "<group>"; };
		B3982C7224F0766400D5FDD7 /* Info.plist */ = {isa = PBXFileReference; lastKnownFileType = text.plist.xml; path = Info.plist; sourceTree = "<group>"; };
/* End PBXFileReference section */

/* Begin PBXFrameworksBuildPhase section */
		B3982C5E24F0766000D5FDD7 /* Frameworks */ = {
			isa = PBXFrameworksBuildPhase;
			buildActionMask = 2147483647;
			files = (
			);
			runOnlyForDeploymentPostprocessing = 0;
		};
/* End PBXFrameworksBuildPhase section */

/* Begin PBXGroup section */
		B3982C5824F0766000D5FDD7 = {
			isa = PBXGroup;
			children = (
				B3982C6324F0766000D5FDD7 /* UnitConversion */,
				B3982C6224F0766000D5FDD7 /* Products */,
			);
			sourceTree = "<group>";
		};
		B3982C6224F0766000D5FDD7 /* Products */ = {
			isa = PBXGroup;
			children = (
				B3982C6124F0766000D5FDD7 /* UnitConversion.app */,
			);
			name = Products;
			sourceTree = "<group>";
		};
		B3982C6324F0766000D5FDD7 /* UnitConversion */ = {
			isa = PBXGroup;
			children = (
				B3982C6424F0766000D5FDD7 /* AppDelegate.swift */,
				B3982C6624F0766000D5FDD7 /* SceneDelegate.swift */,
				B3982C6824F0766000D5FDD7 /* ContentView.swift */,
				B3982C6A24F0766400D5FDD7 /* Assets.xcassets */,
				B3982C6F24F0766400D5FDD7 /* LaunchScreen.storyboard */,
				B3982C7224F0766400D5FDD7 /* Info.plist */,
				B3982C6C24F0766400D5FDD7 /* Preview Content */,
			);
			path = UnitConversion;
			sourceTree = "<group>";
		};
		B3982C6C24F0766400D5FDD7 /* Preview Content */ = {
			isa = PBXGroup;
			children = (
				B3982C6D24F0766400D5FDD7 /* Preview Assets.xcassets */,
			);
			path = "Preview Content";
			sourceTree = "<group>";
		};
/* End PBXGroup section */

/* Begin PBXNativeTarget section */
		B3982C6024F0766000D5FDD7 /* UnitConversion */ = {
			isa = PBXNativeTarget;
			buildConfigurationList = B3982C7524F0766400D5FDD7 /* Build configuration list for PBXNativeTarget "UnitConversion" */;
			buildPhases = (
				B3982C5D24F0766000D5FDD7 /* Sources */,
				B3982C5E24F0766000D5FDD7 /* Frameworks */,
				B3982C5F24F0766000D5FDD7 /* Resources */,
			);
			buildRules = (
			);
			dependencies = (
			);
			name = UnitConversion;
			productName = UnitConversion;
			productReference = B3982C6124F0766000D5FDD7 /* UnitConversion.app */;
			productType = "com.apple.product-type.application";
		};
/* End PBXNativeTarget section */

/* Begin PBXProject section */
		B3982C5924F0766000D5FDD7 /* Project object */ = {
			isa = PBXProject;
			attributes = {
				LastSwiftUpdateCheck = 1150;
				LastUpgradeCheck = 1150;
				ORGANIZATIONNAME = "Connor Huffman";
				TargetAttributes = {
					B3982C6024F0766000D5FDD7 = {
						CreatedOnToolsVersion = 11.5;
					};
				};
			};
			buildConfigurationList = B3982C5C24F0766000D5FDD7 /* Build configuration list for PBXProject "UnitConversion" */;
			compatibilityVersion = "Xcode 9.3";
			developmentRegion = en;
			hasScannedForEncodings = 0;
			knownRegions = (
				en,
				Base,
			);
			mainGroup = B3982C5824F0766000D5FDD7;
			productRefGroup = B3982C6224F0766000D5FDD7 /* Products */;
			projectDirPath = "";
			projectRoot = "";
			targets = (
				B3982C6024F0766000D5FDD7 /* UnitConversion */,
			);
		};
/* End PBXProject section */

/* Begin PBXResourcesBuildPhase section */
		B3982C5F24F0766000D5FDD7 /* Resources */ = {
			isa = PBXResourcesBuildPhase;
			buildActionMask = 2147483647;
			files = (
				B3982C7124F0766400D5FDD7 /* LaunchScreen.storyboard in Resources */,
				B3982C6E24F0766400D5FDD7 /* Preview Assets.xcassets in Resources */,
				B3982C6B24F0766400D5FDD7 /* Assets.xcassets in Resources */,
			);
			runOnlyForDeploymentPostprocessing = 0;
		};
/* End PBXResourcesBuildPhase section */

/* Begin PBXSourcesBuildPhase section */
		B3982C5D24F0766000D5FDD7 /* Sources */ = {
			isa = PBXSourcesBuildPhase;
			buildActionMask = 2147483647;
			files = (
				B3982C6524F0766000D5FDD7 /* AppDelegate.swift in Sources */,
				B3982C6724F0766000D5FDD7 /* SceneDelegate.swift in Sources */,
				B3982C6924F0766000D5FDD7 /* ContentView.swift in Sources */,
			);
			runOnlyForDeploymentPostprocessing = 0;
		};
/* End PBXSourcesBuildPhase section */

/* Begin PBXVariantGroup section */
		B3982C6F24F0766400D5FDD7 /* LaunchScreen.storyboard */ = {
			isa = PBXVariantGroup;
			children = (
				B3982C7024F0766400D5FDD7 /* Base */,
			);
			name = LaunchScreen.storyboard;
			sourceTree = "<group>";
		};
/* End PBXVariantGroup section */

/* Begin XCBuildConfiguration section */
		B3982C7324F0766400D5FDD7 /* Debug */ = {
			isa = XCBuildConfiguration;
			buildSettings = {
				ALWAYS_SEARCH_USER_PATHS = NO;
				CLANG_ANALYZER_NONNULL = YES;
				CLANG_ANALYZER_NUMBER_OBJECT_CONVERSION = YES_AGGRESSIVE;
				CLANG_CXX_LANGUAGE_STANDARD = "gnu++14";
				CLANG_CXX_LIBRARY = "libc++";
				CLANG_ENABLE_MODULES = YES;
				CLANG_ENABLE_OBJC_ARC = YES;
				CLANG_ENABLE_OBJC_WEAK = YES;
				CLANG_WARN_BLOCK_CAPTURE_AUTORELEASING = YES;
				CLANG_WARN_BOOL_CONVERSION = YES;
				CLANG_WARN_COMMA = YES;
				CLANG_WARN_CONSTANT_CONVERSION = YES;
				CLANG_WARN_DEPRECATED_OBJC_IMPLEMENTATIONS = YES;
				CLANG_WARN_DIRECT_OBJC_ISA_USAGE = YES_ERROR;
				CLANG_WARN_DOCUMENTATION_COMMENTS = YES;
				CLANG_WARN_EMPTY_BODY = YES;
				CLANG_WARN_ENUM_CONVERSION = YES;
				CLANG_WARN_INFINITE_RECURSION = YES;
				CLANG_WARN_INT_CONVERSION = YES;
				CLANG_WARN_NON_LITERAL_NULL_CONVERSION = YES;
				CLANG_WARN_OBJC_IMPLICIT_RETAIN_SELF = YES;
				CLANG_WARN_OBJC_LITERAL_CONVERSION = YES;
				CLANG_WARN_OBJC_ROOT_CLASS = YES_ERROR;
				CLANG_WARN_RANGE_LOOP_ANALYSIS = YES;
				CLANG_WARN_STRICT_PROTOTYPES = YES;
				CLANG_WARN_SUSPICIOUS_MOVE = YES;
				CLANG_WARN_UNGUARDED_AVAILABILITY = YES_AGGRESSIVE;
				CLANG_WARN_UNREACHABLE_CODE = YES;
				CLANG_WARN__DUPLICATE_METHOD_MATCH = YES;
				COPY_PHASE_STRIP = NO;
				DEBUG_INFORMATION_FORMAT = dwarf;
				ENABLE_STRICT_OBJC_MSGSEND = YES;
				ENABLE_TESTABILITY = YES;
				GCC_C_LANGUAGE_STANDARD = gnu11;
				GCC_DYNAMIC_NO_PIC = NO;
				GCC_NO_COMMON_BLOCKS = YES;
				GCC_OPTIMIZATION_LEVEL = 0;
				GCC_PREPROCESSOR_DEFINITIONS = (
					"DEBUG=1",
					"$(inherited)",
				);
				GCC_WARN_64_TO_32_BIT_CONVERSION = YES;
				GCC_WARN_ABOUT_RETURN_TYPE = YES_ERROR;
				GCC_WARN_UNDECLARED_SELECTOR = YES;
				GCC_WARN_UNINITIALIZED_AUTOS = YES_AGGRESSIVE;
				GCC_WARN_UNUSED_FUNCTION = YES;
				GCC_WARN_UNUSED_VARIABLE = YES;
				IPHONEOS_DEPLOYMENT_TARGET = 13.5;
				MTL_ENABLE_DEBUG_INFO = INCLUDE_SOURCE;
				MTL_FAST_MATH = YES;
				ONLY_ACTIVE_ARCH = YES;
				SDKROOT = iphoneos;
				SWIFT_ACTIVE_COMPILATION_CONDITIONS = DEBUG;
				SWIFT_OPTIMIZATION_LEVEL = "-Onone";
			};
			name = Debug;
		};
		B3982C7424F0766400D5FDD7 /* Release */ = {
			isa = XCBuildConfiguration;
			buildSettings = {
				ALWAYS_SEARCH_USER_PATHS = NO;
				CLANG_ANALYZER_NONNULL = YES;
				CLANG_ANALYZER_NUMBER_OBJECT_CONVERSION = YES_AGGRESSIVE;
				CLANG_CXX_LANGUAGE_STANDARD = "gnu++14";
				CLANG_CXX_LIBRARY = "libc++";
				CLANG_ENABLE_MODULES = YES;
				CLANG_ENABLE_OBJC_ARC = YES;
				CLANG_ENABLE_OBJC_WEAK = YES;
				CLANG_WARN_BLOCK_CAPTURE_AUTORELEASING = YES;
				CLANG_WARN_BOOL_CONVERSION = YES;
				CLANG_WARN_COMMA = YES;
				CLANG_WARN_CONSTANT_CONVERSION = YES;
				CLANG_WARN_DEPRECATED_OBJC_IMPLEMENTATIONS = YES;
				CLANG_WARN_DIRECT_OBJC_ISA_USAGE = YES_ERROR;
				CLANG_WARN_DOCUMENTATION_COMMENTS = YES;
				CLANG_WARN_EMPTY_BODY = YES;
				CLANG_WARN_ENUM_CONVERSION = YES;
				CLANG_WARN_INFINITE_RECURSION = YES;
				CLANG_WARN_INT_CONVERSION = YES;
				CLANG_WARN_NON_LITERAL_NULL_CONVERSION = YES;
				CLANG_WARN_OBJC_IMPLICIT_RETAIN_SELF = YES;
				CLANG_WARN_OBJC_LITERAL_CONVERSION = YES;
				CLANG_WARN_OBJC_ROOT_CLASS = YES_ERROR;
				CLANG_WARN_RANGE_LOOP_ANALYSIS = YES;
				CLANG_WARN_STRICT_PROTOTYPES = YES;
				CLANG_WARN_SUSPICIOUS_MOVE = YES;
				CLANG_WARN_UNGUARDED_AVAILABILITY = YES_AGGRESSIVE;
				CLANG_WARN_UNREACHABLE_CODE = YES;
				CLANG_WARN__DUPLICATE_METHOD_MATCH = YES;
				COPY_PHASE_STRIP = NO;
				DEBUG_INFORMATION_FORMAT = "dwarf-with-dsym";
				ENABLE_NS_ASSERTIONS = NO;
				ENABLE_STRICT_OBJC_MSGSEND = YES;
				GCC_C_LANGUAGE_STANDARD = gnu11;
				GCC_NO_COMMON_BLOCKS = YES;
				GCC_WARN_64_TO_32_BIT_CONVERSION = YES;
				GCC_WARN_ABOUT_RETURN_TYPE = YES_ERROR;
				GCC_WARN_UNDECLARED_SELECTOR = YES;
				GCC_WARN_UNINITIALIZED_AUTOS = YES_AGGRESSIVE;
				GCC_WARN_UNUSED_FUNCTION = YES;
				GCC_WARN_UNUSED_VARIABLE = YES;
				IPHONEOS_DEPLOYMENT_TARGET = 13.5;
				MTL_ENABLE_DEBUG_INFO = NO;
				MTL_FAST_MATH = YES;
				SDKROOT = iphoneos;
				SWIFT_COMPILATION_MODE = wholemodule;
				SWIFT_OPTIMIZATION_LEVEL = "-O";
				VALIDATE_PRODUCT = YES;
			};
			name = Release;
		};
		B3982C7624F0766400D5FDD7 /* Debug */ = {
			isa = XCBuildConfiguration;
			buildSettings = {
				ASSETCATALOG_COMPILER_APPICON_NAME = AppIcon;
				CODE_SIGN_STYLE = Automatic;
				DEVELOPMENT_ASSET_PATHS = "\"UnitConversion/Preview Content\"";
				ENABLE_PREVIEWS = YES;
				INFOPLIST_FILE = UnitConversion/Info.plist;
				LD_RUNPATH_SEARCH_PATHS = (
					"$(inherited)",
					"@executable_path/Frameworks",
				);
				PRODUCT_BUNDLE_IDENTIFIER = com.ConnorHuffman.UnitConversion;
				PRODUCT_NAME = "$(TARGET_NAME)";
				SWIFT_VERSION = 5.0;
				TARGETED_DEVICE_FAMILY = "1,2";
			};
			name = Debug;
		};
		B3982C7724F0766400D5FDD7 /* Release */ = {
			isa = XCBuildConfiguration;
			buildSettings = {
				ASSETCATALOG_COMPILER_APPICON_NAME = AppIcon;
				CODE_SIGN_STYLE = Automatic;
				DEVELOPMENT_ASSET_PATHS = "\"UnitConversion/Preview Content\"";
				ENABLE_PREVIEWS = YES;
				INFOPLIST_FILE = UnitConversion/Info.plist;
				LD_RUNPATH_SEARCH_PATHS = (
					"$(inherited)",
					"@executable_path/Frameworks",
				);
				PRODUCT_BUNDLE_IDENTIFIER = com.ConnorHuffman.UnitConversion;
				PRODUCT_NAME = "$(TARGET_NAME)";
				SWIFT_VERSION = 5.0;
				TARGETED_DEVICE_FAMILY = "1,2";
			};
			name = Release;
		};
/* End XCBuildConfiguration section */

/* Begin XCConfigurationList section */
		B3982C5C24F0766000D5FDD7 /* Build configuration list for PBXProject "UnitConversion" */ = {
			isa = XCConfigurationList;
			buildConfigurations = (
				B3982C7324F0766400D5FDD7 /* Debug */,
				B3982C7424F0766400D5FDD7 /* Release */,
			);
			defaultConfigurationIsVisible = 0;
			defaultConfigurationName = Release;
		};
		B3982C7524F0766400D5FDD7 /* Build configuration list for PBXNativeTarget "UnitConversion" */ = {
			isa = XCConfigurationList;
			buildConfigurations = (
				B3982C7624F0766400D5FDD7 /* Debug */,
				B3982C7724F0766400D5FDD7 /* Release */,
			);
			defaultConfigurationIsVisible = 0;
			defaultConfigurationName = Release;
		};
/* End XCConfigurationList section */
	};
	rootObject = B3982C5924F0766000D5FDD7 /* Project object */;
}
